// !$*UTF8*$!
{
	archiveVersion = 1;
	classes = {
	};
	objectVersion = 46;
	objects = {

/* Begin PBXBuildFile section */
		D720CCDF19EEFEF100C28109 /* key.jpg in Resources */ = {isa = PBXBuildFile; fileRef = D720CCDE19EEFEF100C28109 /* key.jpg */; };
		D720CCE119EEFF2200C28109 /* 120x120.png in Resources */ = {isa = PBXBuildFile; fileRef = D720CCE019EEFF2200C28109 /* 120x120.png */; };
		D78C596719EE9A8D0052C51C /* main.m in Sources */ = {isa = PBXBuildFile; fileRef = D78C596619EE9A8D0052C51C /* main.m */; };
		D78C596A19EE9A8D0052C51C /* AppDelegate.m in Sources */ = {isa = PBXBuildFile; fileRef = D78C596919EE9A8D0052C51C /* AppDelegate.m */; };
		D78C596D19EE9A8D0052C51C /* ViewController.m in Sources */ = {isa = PBXBuildFile; fileRef = D78C596C19EE9A8D0052C51C /* ViewController.m */; };
		D78C597019EE9A8D0052C51C /* Main.storyboard in Resources */ = {isa = PBXBuildFile; fileRef = D78C596E19EE9A8D0052C51C /* Main.storyboard */; };
		D78C597219EE9A8D0052C51C /* Images.xcassets in Resources */ = {isa = PBXBuildFile; fileRef = D78C597119EE9A8D0052C51C /* Images.xcassets */; };
		D78C597519EE9A8D0052C51C /* LaunchScreen.xib in Resources */ = {isa = PBXBuildFile; fileRef = D78C597319EE9A8D0052C51C /* LaunchScreen.xib */; };
		D78C598119EE9A8D0052C51C /* NFXPermissionViewControllerDEMOTests.m in Sources */ = {isa = PBXBuildFile; fileRef = D78C598019EE9A8D0052C51C /* NFXPermissionViewControllerDEMOTests.m */; };
		D78C599319EE9C960052C51C /* NFXPermissionViewController.m in Sources */ = {isa = PBXBuildFile; fileRef = D78C599219EE9C960052C51C /* NFXPermissionViewController.m */; };
/* End PBXBuildFile section */

/* Begin PBXContainerItemProxy section */
		D78C597B19EE9A8D0052C51C /* PBXContainerItemProxy */ = {
			isa = PBXContainerItemProxy;
			containerPortal = D78C595919EE9A8D0052C51C /* Project object */;
			proxyType = 1;
			remoteGlobalIDString = D78C596019EE9A8D0052C51C;
			remoteInfo = NFXPermissionViewControllerDEMO;
		};
/* End PBXContainerItemProxy section */

/* Begin PBXFileReference section */
		D720CCDE19EEFEF100C28109 /* key.jpg */ = {isa = PBXFileReference; lastKnownFileType = image.jpeg; path = key.jpg; sourceTree = "<group>"; };
		D720CCE019EEFF2200C28109 /* 120x120.png */ = {isa = PBXFileReference; lastKnownFileType = image.png; path = 120x120.png; sourceTree = "<group>"; };
		D78C596119EE9A8D0052C51C /* NFXPermissionViewControllerDEMO.app */ = {isa = PBXFileReference; explicitFileType = wrapper.application; includeInIndex = 0; path = NFXPermissionViewControllerDEMO.app; sourceTree = BUILT_PRODUCTS_DIR; };
		D78C596519EE9A8D0052C51C /* Info.plist */ = {isa = PBXFileReference; lastKnownFileType = text.plist.xml; path = Info.plist; sourceTree = "<group>"; };
		D78C596619EE9A8D0052C51C /* main.m */ = {isa = PBXFileReference; lastKnownFileType = sourcecode.c.objc; path = main.m; sourceTree = "<group>"; };
		D78C596819EE9A8D0052C51C /* AppDelegate.h */ = {isa = PBXFileReference; lastKnownFileType = sourcecode.c.h; path = AppDelegate.h; sourceTree = "<group>"; };
		D78C596919EE9A8D0052C51C /* AppDelegate.m */ = {isa = PBXFileReference; lastKnownFileType = sourcecode.c.objc; path = AppDelegate.m; sourceTree = "<group>"; };
		D78C596B19EE9A8D0052C51C /* ViewController.h */ = {isa = PBXFileReference; lastKnownFileType = sourcecode.c.h; path = ViewController.h; sourceTree = "<group>"; };
		D78C596C19EE9A8D0052C51C /* ViewController.m */ = {isa = PBXFileReference; lastKnownFileType = sourcecode.c.objc; path = ViewController.m; sourceTree = "<group>"; };
		D78C596F19EE9A8D0052C51C /* Base */ = {isa = PBXFileReference; lastKnownFileType = file.storyboard; name = Base; path = Base.lproj/Main.storyboard; sourceTree = "<group>"; };
		D78C597119EE9A8D0052C51C /* Images.xcassets */ = {isa = PBXFileReference; lastKnownFileType = folder.assetcatalog; path = Images.xcassets; sourceTree = "<group>"; };
		D78C597419EE9A8D0052C51C /* Base */ = {isa = PBXFileReference; lastKnownFileType = file.xib; name = Base; path = Base.lproj/LaunchScreen.xib; sourceTree = "<group>"; };
		D78C597A19EE9A8D0052C51C /* NFXPermissionViewControllerDEMOTests.xctest */ = {isa = PBXFileReference; explicitFileType = wrapper.cfbundle; includeInIndex = 0; path = NFXPermissionViewControllerDEMOTests.xctest; sourceTree = BUILT_PRODUCTS_DIR; };
		D78C597F19EE9A8D0052C51C /* Info.plist */ = {isa = PBXFileReference; lastKnownFileType = text.plist.xml; path = Info.plist; sourceTree = "<group>"; };
		D78C598019EE9A8D0052C51C /* NFXPermissionViewControllerDEMOTests.m */ = {isa = PBXFileReference; lastKnownFileType = sourcecode.c.objc; path = NFXPermissionViewControllerDEMOTests.m; sourceTree = "<group>"; };
		D78C599119EE9C960052C51C /* NFXPermissionViewController.h */ = {isa = PBXFileReference; fileEncoding = 4; lastKnownFileType = sourcecode.c.h; name = NFXPermissionViewController.h; path = NFXPermissionViewController/NFXPermissionViewController.h; sourceTree = "<group>"; };
		D78C599219EE9C960052C51C /* NFXPermissionViewController.m */ = {isa = PBXFileReference; fileEncoding = 4; lastKnownFileType = sourcecode.c.objc; name = NFXPermissionViewController.m; path = NFXPermissionViewController/NFXPermissionViewController.m; sourceTree = "<group>"; };
/* End PBXFileReference section */

/* Begin PBXFrameworksBuildPhase section */
		D78C595E19EE9A8D0052C51C /* Frameworks */ = {
			isa = PBXFrameworksBuildPhase;
			buildActionMask = 2147483647;
			files = (
			);
			runOnlyForDeploymentPostprocessing = 0;
		};
		D78C597719EE9A8D0052C51C /* Frameworks */ = {
			isa = PBXFrameworksBuildPhase;
			buildActionMask = 2147483647;
			files = (
			);
			runOnlyForDeploymentPostprocessing = 0;
		};
/* End PBXFrameworksBuildPhase section */

/* Begin PBXGroup section */
		D78C595819EE9A8D0052C51C = {
			isa = PBXGroup;
			children = (
				D78C596319EE9A8D0052C51C /* NFXPermissionViewControllerDEMO */,
				D78C597D19EE9A8D0052C51C /* NFXPermissionViewControllerDEMOTests */,
				D78C596219EE9A8D0052C51C /* Products */,
			);
			sourceTree = "<group>";
		};
		D78C596219EE9A8D0052C51C /* Products */ = {
			isa = PBXGroup;
			children = (
				D78C596119EE9A8D0052C51C /* NFXPermissionViewControllerDEMO.app */,
				D78C597A19EE9A8D0052C51C /* NFXPermissionViewControllerDEMOTests.xctest */,
			);
			name = Products;
			sourceTree = "<group>";
		};
		D78C596319EE9A8D0052C51C /* NFXPermissionViewControllerDEMO */ = {
			isa = PBXGroup;
			children = (
				D78C598D19EE9C530052C51C /* Lib */,
				D78C596819EE9A8D0052C51C /* AppDelegate.h */,
				D78C596919EE9A8D0052C51C /* AppDelegate.m */,
				D78C596B19EE9A8D0052C51C /* ViewController.h */,
				D78C596C19EE9A8D0052C51C /* ViewController.m */,
				D78C596E19EE9A8D0052C51C /* Main.storyboard */,
				D78C597119EE9A8D0052C51C /* Images.xcassets */,
				D78C597319EE9A8D0052C51C /* LaunchScreen.xib */,
				D78C596419EE9A8D0052C51C /* Supporting Files */,
			);
			path = NFXPermissionViewControllerDEMO;
			sourceTree = "<group>";
		};
		D78C596419EE9A8D0052C51C /* Supporting Files */ = {
			isa = PBXGroup;
			children = (
				D78C596519EE9A8D0052C51C /* Info.plist */,
				D78C596619EE9A8D0052C51C /* main.m */,
			);
			name = "Supporting Files";
			sourceTree = "<group>";
		};
		D78C597D19EE9A8D0052C51C /* NFXPermissionViewControllerDEMOTests */ = {
			isa = PBXGroup;
			children = (
				D78C598019EE9A8D0052C51C /* NFXPermissionViewControllerDEMOTests.m */,
				D78C597E19EE9A8D0052C51C /* Supporting Files */,
			);
			path = NFXPermissionViewControllerDEMOTests;
			sourceTree = "<group>";
		};
		D78C597E19EE9A8D0052C51C /* Supporting Files */ = {
			isa = PBXGroup;
			children = (
				D78C597F19EE9A8D0052C51C /* Info.plist */,
			);
			name = "Supporting Files";
			sourceTree = "<group>";
		};
		D78C598D19EE9C530052C51C /* Lib */ = {
			isa = PBXGroup;
			children = (
				D720CCE019EEFF2200C28109 /* 120x120.png */,
				D720CCDE19EEFEF100C28109 /* key.jpg */,
				D78C599119EE9C960052C51C /* NFXPermissionViewController.h */,
				D78C599219EE9C960052C51C /* NFXPermissionViewController.m */,
			);
			name = Lib;
			sourceTree = "<group>";
		};
/* End PBXGroup section */

/* Begin PBXNativeTarget section */
		D78C596019EE9A8D0052C51C /* NFXPermissionViewControllerDEMO */ = {
			isa = PBXNativeTarget;
			buildConfigurationList = D78C598419EE9A8D0052C51C /* Build configuration list for PBXNativeTarget "NFXPermissionViewControllerDEMO" */;
			buildPhases = (
				D78C595D19EE9A8D0052C51C /* Sources */,
				D78C595E19EE9A8D0052C51C /* Frameworks */,
				D78C595F19EE9A8D0052C51C /* Resources */,
			);
			buildRules = (
			);
			dependencies = (
			);
			name = NFXPermissionViewControllerDEMO;
			productName = NFXPermissionViewControllerDEMO;
			productReference = D78C596119EE9A8D0052C51C /* NFXPermissionViewControllerDEMO.app */;
			productType = "com.apple.product-type.application";
		};
		D78C597919EE9A8D0052C51C /* NFXPermissionViewControllerDEMOTests */ = {
			isa = PBXNativeTarget;
			buildConfigurationList = D78C598719EE9A8D0052C51C /* Build configuration list for PBXNativeTarget "NFXPermissionViewControllerDEMOTests" */;
			buildPhases = (
				D78C597619EE9A8D0052C51C /* Sources */,
				D78C597719EE9A8D0052C51C /* Frameworks */,
				D78C597819EE9A8D0052C51C /* Resources */,
			);
			buildRules = (
			);
			dependencies = (
				D78C597C19EE9A8D0052C51C /* PBXTargetDependency */,
			);
			name = NFXPermissionViewControllerDEMOTests;
			productName = NFXPermissionViewControllerDEMOTests;
			productReference = D78C597A19EE9A8D0052C51C /* NFXPermissionViewControllerDEMOTests.xctest */;
			productType = "com.apple.product-type.bundle.unit-test";
		};
/* End PBXNativeTarget section */

/* Begin PBXProject section */
		D78C595919EE9A8D0052C51C /* Project object */ = {
			isa = PBXProject;
			attributes = {
				LastUpgradeCheck = 0610;
				ORGANIZATIONNAME = Tomoya_Hirano;
				TargetAttributes = {
					D78C596019EE9A8D0052C51C = {
						CreatedOnToolsVersion = 6.1;
					};
					D78C597919EE9A8D0052C51C = {
						CreatedOnToolsVersion = 6.1;
						TestTargetID = D78C596019EE9A8D0052C51C;
					};
				};
			};
			buildConfigurationList = D78C595C19EE9A8D0052C51C /* Build configuration list for PBXProject "NFXPermissionViewControllerDEMO" */;
			compatibilityVersion = "Xcode 3.2";
			developmentRegion = English;
			hasScannedForEncodings = 0;
			knownRegions = (
				en,
				Base,
			);
			mainGroup = D78C595819EE9A8D0052C51C;
			productRefGroup = D78C596219EE9A8D0052C51C /* Products */;
			projectDirPath = "";
			projectRoot = "";
			targets = (
				D78C596019EE9A8D0052C51C /* NFXPermissionViewControllerDEMO */,
				D78C597919EE9A8D0052C51C /* NFXPermissionViewControllerDEMOTests */,
			);
		};
/* End PBXProject section */

/* Begin PBXResourcesBuildPhase section */
		D78C595F19EE9A8D0052C51C /* Resources */ = {
			isa = PBXResourcesBuildPhase;
			buildActionMask = 2147483647;
			files = (
				D78C597019EE9A8D0052C51C /* Main.storyboard in Resources */,
				D78C597519EE9A8D0052C51C /* LaunchScreen.xib in Resources */,
				D720CCE119EEFF2200C28109 /* 120x120.png in Resources */,
				D78C597219EE9A8D0052C51C /* Images.xcassets in Resources */,
				D720CCDF19EEFEF100C28109 /* key.jpg in Resources */,
			);
			runOnlyForDeploymentPostprocessing = 0;
		};
		D78C597819EE9A8D0052C51C /* Resources */ = {
			isa = PBXResourcesBuildPhase;
			buildActionMask = 2147483647;
			files = (
			);
			runOnlyForDeploymentPostprocessing = 0;
		};
/* End PBXResourcesBuildPhase section */

/* Begin PBXSourcesBuildPhase section */
		D78C595D19EE9A8D0052C51C /* Sources */ = {
			isa = PBXSourcesBuildPhase;
			buildActionMask = 2147483647;
			files = (
				D78C599319EE9C960052C51C /* NFXPermissionViewController.m in Sources */,
				D78C596D19EE9A8D0052C51C /* ViewController.m in Sources */,
				D78C596A19EE9A8D0052C51C /* AppDelegate.m in Sources */,
				D78C596719EE9A8D0052C51C /* main.m in Sources */,
			);
			runOnlyForDeploymentPostprocessing = 0;
		};
		D78C597619EE9A8D0052C51C /* Sources */ = {
			isa = PBXSourcesBuildPhase;
			buildActionMask = 2147483647;
			files = (
				D78C598119EE9A8D0052C51C /* NFXPermissionViewControllerDEMOTests.m in Sources */,
			);
			runOnlyForDeploymentPostprocessing = 0;
		};
/* End PBXSourcesBuildPhase section */

/* Begin PBXTargetDependency section */
		D78C597C19EE9A8D0052C51C /* PBXTargetDependency */ = {
			isa = PBXTargetDependency;
			target = D78C596019EE9A8D0052C51C /* NFXPermissionViewControllerDEMO */;
			targetProxy = D78C597B19EE9A8D0052C51C /* PBXContainerItemProxy */;
		};
/* End PBXTargetDependency section */

/* Begin PBXVariantGroup section */
		D78C596E19EE9A8D0052C51C /* Main.storyboard */ = {
			isa = PBXVariantGroup;
			children = (
				D78C596F19EE9A8D0052C51C /* Base */,
			);
			name = Main.storyboard;
			sourceTree = "<group>";
		};
		D78C597319EE9A8D0052C51C /* LaunchScreen.xib */ = {
			isa = PBXVariantGroup;
			children = (
				D78C597419EE9A8D0052C51C /* Base */,
			);
			name = LaunchScreen.xib;
			sourceTree = "<group>";
		};
/* End PBXVariantGroup section */

/* Begin XCBuildConfiguration section */
		D78C598219EE9A8D0052C51C /* Debug */ = {
			isa = XCBuildConfiguration;
			buildSettings = {
				ALWAYS_SEARCH_USER_PATHS = NO;
				CLANG_CXX_LANGUAGE_STANDARD = "gnu++0x";
				CLANG_CXX_LIBRARY = "libc++";
				CLANG_ENABLE_MODULES = YES;
				CLANG_ENABLE_OBJC_ARC = YES;
				CLANG_WARN_BOOL_CONVERSION = YES;
				CLANG_WARN_CONSTANT_CONVERSION = YES;
				CLANG_WARN_DIRECT_OBJC_ISA_USAGE = YES_ERROR;
				CLANG_WARN_EMPTY_BODY = YES;
				CLANG_WARN_ENUM_CONVERSION = YES;
				CLANG_WARN_INT_CONVERSION = YES;
				CLANG_WARN_OBJC_ROOT_CLASS = YES_ERROR;
				CLANG_WARN_UNREACHABLE_CODE = YES;
				CLANG_WARN__DUPLICATE_METHOD_MATCH = YES;
				"CODE_SIGN_IDENTITY[sdk=iphoneos*]" = "iPhone Developer";
				COPY_PHASE_STRIP = NO;
				ENABLE_STRICT_OBJC_MSGSEND = YES;
				GCC_C_LANGUAGE_STANDARD = gnu99;
				GCC_DYNAMIC_NO_PIC = NO;
				GCC_OPTIMIZATION_LEVEL = 0;
				GCC_PREPROCESSOR_DEFINITIONS = (
					"DEBUG=1",
					"$(inherited)",
				);
				GCC_SYMBOLS_PRIVATE_EXTERN = NO;
				GCC_WARN_64_TO_32_BIT_CONVERSION = YES;
				GCC_WARN_ABOUT_RETURN_TYPE = YES_ERROR;
				GCC_WARN_UNDECLARED_SELECTOR = YES;
				GCC_WARN_UNINITIALIZED_AUTOS = YES_AGGRESSIVE;
				GCC_WARN_UNUSED_FUNCTION = YES;
				GCC_WARN_UNUSED_VARIABLE = YES;
				IPHONEOS_DEPLOYMENT_TARGET = 8.1;
				MTL_ENABLE_DEBUG_INFO = YES;
				ONLY_ACTIVE_ARCH = YES;
				SDKROOT = iphoneos;
			};
			name = Debug;
		};
		D78C598319EE9A8D0052C51C /* Release */ = {
			isa = XCBuildConfiguration;
			buildSettings = {
				ALWAYS_SEARCH_USER_PATHS = NO;
				CLANG_CXX_LANGUAGE_STANDARD = "gnu++0x";
				CLANG_CXX_LIBRARY = "libc++";
				CLANG_ENABLE_MODULES = YES;
				CLANG_ENABLE_OBJC_ARC = YES;
				CLANG_WARN_BOOL_CONVERSION = YES;
				CLANG_WARN_CONSTANT_CONVERSION = YES;
				CLANG_WARN_DIRECT_OBJC_ISA_USAGE = YES_ERROR;
				CLANG_WARN_EMPTY_BODY = YES;
				CLANG_WARN_ENUM_CONVERSION = YES;
				CLANG_WARN_INT_CONVERSION = YES;
				CLANG_WARN_OBJC_ROOT_CLASS = YES_ERROR;
				CLANG_WARN_UNREACHABLE_CODE = YES;
				CLANG_WARN__DUPLICATE_METHOD_MATCH = YES;
				"CODE_SIGN_IDENTITY[sdk=iphoneos*]" = "iPhone Developer";
				COPY_PHASE_STRIP = YES;
				ENABLE_NS_ASSERTIONS = NO;
				ENABLE_STRICT_OBJC_MSGSEND = YES;
				GCC_C_LANGUAGE_STANDARD = gnu99;
				GCC_WARN_64_TO_32_BIT_CONVERSION = YES;
				GCC_WARN_ABOUT_RETURN_TYPE = YES_ERROR;
				GCC_WARN_UNDECLARED_SELECTOR = YES;
				GCC_WARN_UNINITIALIZED_AUTOS = YES_AGGRESSIVE;
				GCC_WARN_UNUSED_FUNCTION = YES;
				GCC_WARN_UNUSED_VARIABLE = YES;
				IPHONEOS_DEPLOYMENT_TARGET = 8.1;
				MTL_ENABLE_DEBUG_INFO = NO;
				SDKROOT = iphoneos;
				VALIDATE_PRODUCT = YES;
			};
			name = Release;
		};
		D78C598519EE9A8D0052C51C /* Debug */ = {
			isa = XCBuildConfiguration;
			buildSettings = {
				ASSETCATALOG_COMPILER_APPICON_NAME = AppIcon;
				INFOPLIST_FILE = NFXPermissionViewControllerDEMO/Info.plist;
				LD_RUNPATH_SEARCH_PATHS = "$(inherited) @executable_path/Frameworks";
				PRODUCT_NAME = "$(TARGET_NAME)";
			};
			name = Debug;
		};
		D78C598619EE9A8D0052C51C /* Release */ = {
			isa = XCBuildConfiguration;
			buildSettings = {
				ASSETCATALOG_COMPILER_APPICON_NAME = AppIcon;
				INFOPLIST_FILE = NFXPermissionViewControllerDEMO/Info.plist;
				LD_RUNPATH_SEARCH_PATHS = "$(inherited) @executable_path/Frameworks";
				PRODUCT_NAME = "$(TARGET_NAME)";
			};
			name = Release;
		};
		D78C598819EE9A8D0052C51C /* Debug */ = {
			isa = XCBuildConfiguration;
			buildSettings = {
				BUNDLE_LOADER = "$(TEST_HOST)";
				FRAMEWORK_SEARCH_PATHS = (
					"$(SDKROOT)/Developer/Library/Frameworks",
					"$(inherited)",
				);
				GCC_PREPROCESSOR_DEFINITIONS = (
					"DEBUG=1",
					"$(inherited)",
				);
				INFOPLIST_FILE = NFXPermissionViewControllerDEMOTests/Info.plist;
				LD_RUNPATH_SEARCH_PATHS = "$(inherited) @executable_path/Frameworks @loader_path/Frameworks";
				PRODUCT_NAME = "$(TARGET_NAME)";
				TEST_HOST = "$(BUILT_PRODUCTS_DIR)/NFXPermissionViewControllerDEMO.app/NFXPermissionViewControllerDEMO";
			};
			name = Debug;
		};
		D78C598919EE9A8D0052C51C /* Release */ = {
			isa = XCBuildConfiguration;
			buildSettings = {
				BUNDLE_LOADER = "$(TEST_HOST)";
				FRAMEWORK_SEARCH_PATHS = (
					"$(SDKROOT)/Developer/Library/Frameworks",
					"$(inherited)",
				);
				INFOPLIST_FILE = NFXPermissionViewControllerDEMOTests/Info.plist;
				LD_RUNPATH_SEARCH_PATHS = "$(inherited) @executable_path/Frameworks @loader_path/Frameworks";
				PRODUCT_NAME = "$(TARGET_NAME)";
				TEST_HOST = "$(BUILT_PRODUCTS_DIR)/NFXPermissionViewControllerDEMO.app/NFXPermissionViewControllerDEMO";
			};
			name = Release;
		};
/* End XCBuildConfiguration section */

/* Begin XCConfigurationList section */
		D78C595C19EE9A8D0052C51C /* Build configuration list for PBXProject "NFXPermissionViewControllerDEMO" */ = {
			isa = XCConfigurationList;
			buildConfigurations = (
				D78C598219EE9A8D0052C51C /* Debug */,
				D78C598319EE9A8D0052C51C /* Release */,
			);
			defaultConfigurationIsVisible = 0;
			defaultConfigurationName = Release;
		};
		D78C598419EE9A8D0052C51C /* Build configuration list for PBXNativeTarget "NFXPermissionViewControllerDEMO" */ = {
			isa = XCConfigurationList;
			buildConfigurations = (
				D78C598519EE9A8D0052C51C /* Debug */,
				D78C598619EE9A8D0052C51C /* Release */,
			);
			defaultConfigurationIsVisible = 0;
			defaultConfigurationName = Release;
		};
		D78C598719EE9A8D0052C51C /* Build configuration list for PBXNativeTarget "NFXPermissionViewControllerDEMOTests" */ = {
			isa = XCConfigurationList;
			buildConfigurations = (
				D78C598819EE9A8D0052C51C /* Debug */,
				D78C598919EE9A8D0052C51C /* Release */,
			);
			defaultConfigurationIsVisible = 0;
			defaultConfigurationName = Release;
		};
/* End XCConfigurationList section */
	};
	rootObject = D78C595919EE9A8D0052C51C /* Project object */;
}
